
Microsoft Visual Studio Solution File, Format Version 12.00
Project("{FAE04EC0-301F-11D3-BF4B-00C04F79EFBC}") = "Interface - Übung", "Interface - Übung\Interface - Übung.csproj", "{537C47BB-E6A4-4C7F-97C8-A3A696F690B2}"
EndProject
Global
	GlobalSection(SolutionConfigurationPlatforms) = preSolution
		Debug|Any CPU = Debug|Any CPU
		Release|Any CPU = Release|Any CPU
	EndGlobalSection
	GlobalSection(ProjectConfigurationPlatforms) = postSolution
		{537C47BB-E6A4-4C7F-97C8-A3A696F690B2}.Debug|Any CPU.ActiveCfg = Debug|Any CPU
		{537C47BB-E6A4-4C7F-97C8-A3A696F690B2}.Debug|Any CPU.Build.0 = Debug|Any CPU
		{537C47BB-E6A4-4C7F-97C8-A3A696F690B2}.Release|Any CPU.ActiveCfg = Release|Any CPU
		{537C47BB-E6A4-4C7F-97C8-A3A696F690B2}.Release|Any CPU.Build.0 = Release|Any CPU
	EndGlobalSection
EndGlobal
